// !$*UTF8*$!
{
	archiveVersion = 1;
	classes = {
	};
	objectVersion = 56;
	objects = {

/* Begin PBXBuildFile section */
		223B9B0628FDF8FB003E57DB /* ViewController.swift in Sources */ = {isa = PBXBuildFile; fileRef = 223B9B0528FDF8FB003E57DB /* ViewController.swift */; };
		22F2E87F28FAF6CB008AD687 /* AppDelegate.swift in Sources */ = {isa = PBXBuildFile; fileRef = 22F2E87E28FAF6CB008AD687 /* AppDelegate.swift */; };
		22F2E88128FAF6CB008AD687 /* SceneDelegate.swift in Sources */ = {isa = PBXBuildFile; fileRef = 22F2E88028FAF6CB008AD687 /* SceneDelegate.swift */; };
		22F2E88628FAF6CB008AD687 /* Main.storyboard in Resources */ = {isa = PBXBuildFile; fileRef = 22F2E88428FAF6CB008AD687 /* Main.storyboard */; };
		22F2E88828FAF6CB008AD687 /* Assets.xcassets in Resources */ = {isa = PBXBuildFile; fileRef = 22F2E88728FAF6CB008AD687 /* Assets.xcassets */; };
		22F2E88B28FAF6CB008AD687 /* LaunchScreen.storyboard in Resources */ = {isa = PBXBuildFile; fileRef = 22F2E88928FAF6CB008AD687 /* LaunchScreen.storyboard */; };
		22F2E89328FAF797008AD687 /* CollectionViewController.swift in Sources */ = {isa = PBXBuildFile; fileRef = 22F2E89228FAF797008AD687 /* CollectionViewController.swift */; };
		22F2E89528FAF930008AD687 /* CollectionViewCell.swift in Sources */ = {isa = PBXBuildFile; fileRef = 22F2E89428FAF930008AD687 /* CollectionViewCell.swift */; };
		22F2E89728FAF9C0008AD687 /* Model.swift in Sources */ = {isa = PBXBuildFile; fileRef = 22F2E89628FAF9C0008AD687 /* Model.swift */; };
		CC10F0FDCD6AD2A5186AC3F9 /* Pods_currencyRate.framework in Frameworks */ = {isa = PBXBuildFile; fileRef = BBB749207A05D0F71B942C58 /* Pods_currencyRate.framework */; };
/* End PBXBuildFile section */

/* Begin PBXFileReference section */
		223B9B0528FDF8FB003E57DB /* ViewController.swift */ = {isa = PBXFileReference; lastKnownFileType = sourcecode.swift; path = ViewController.swift; sourceTree = "<group>"; };
		22F2E87B28FAF6CB008AD687 /* currencyRate.app */ = {isa = PBXFileReference; explicitFileType = wrapper.application; includeInIndex = 0; path = currencyRate.app; sourceTree = BUILT_PRODUCTS_DIR; };
		22F2E87E28FAF6CB008AD687 /* AppDelegate.swift */ = {isa = PBXFileReference; lastKnownFileType = sourcecode.swift; path = AppDelegate.swift; sourceTree = "<group>"; };
		22F2E88028FAF6CB008AD687 /* SceneDelegate.swift */ = {isa = PBXFileReference; lastKnownFileType = sourcecode.swift; path = SceneDelegate.swift; sourceTree = "<group>"; };
		22F2E88528FAF6CB008AD687 /* Base */ = {isa = PBXFileReference; lastKnownFileType = file.storyboard; name = Base; path = Base.lproj/Main.storyboard; sourceTree = "<group>"; };
		22F2E88728FAF6CB008AD687 /* Assets.xcassets */ = {isa = PBXFileReference; lastKnownFileType = folder.assetcatalog; path = Assets.xcassets; sourceTree = "<group>"; };
		22F2E88A28FAF6CB008AD687 /* Base */ = {isa = PBXFileReference; lastKnownFileType = file.storyboard; name = Base; path = Base.lproj/LaunchScreen.storyboard; sourceTree = "<group>"; };
		22F2E88C28FAF6CB008AD687 /* Info.plist */ = {isa = PBXFileReference; lastKnownFileType = text.plist.xml; path = Info.plist; sourceTree = "<group>"; };
		22F2E89228FAF797008AD687 /* CollectionViewController.swift */ = {isa = PBXFileReference; lastKnownFileType = sourcecode.swift; path = CollectionViewController.swift; sourceTree = "<group>"; };
		22F2E89428FAF930008AD687 /* CollectionViewCell.swift */ = {isa = PBXFileReference; lastKnownFileType = sourcecode.swift; path = CollectionViewCell.swift; sourceTree = "<group>"; };
		22F2E89628FAF9C0008AD687 /* Model.swift */ = {isa = PBXFileReference; lastKnownFileType = sourcecode.swift; path = Model.swift; sourceTree = "<group>"; };
		A9B4AC8BB9ADC17D3781FA0A /* Pods-currencyRate.debug.xcconfig */ = {isa = PBXFileReference; includeInIndex = 1; lastKnownFileType = text.xcconfig; name = "Pods-currencyRate.debug.xcconfig"; path = "Target Support Files/Pods-currencyRate/Pods-currencyRate.debug.xcconfig"; sourceTree = "<group>"; };
		AFB3184CEA12A0F734EF74AD /* Pods-currencyRate.release.xcconfig */ = {isa = PBXFileReference; includeInIndex = 1; lastKnownFileType = text.xcconfig; name = "Pods-currencyRate.release.xcconfig"; path = "Target Support Files/Pods-currencyRate/Pods-currencyRate.release.xcconfig"; sourceTree = "<group>"; };
		BBB749207A05D0F71B942C58 /* Pods_currencyRate.framework */ = {isa = PBXFileReference; explicitFileType = wrapper.framework; includeInIndex = 0; path = Pods_currencyRate.framework; sourceTree = BUILT_PRODUCTS_DIR; };
/* End PBXFileReference section */

/* Begin PBXFrameworksBuildPhase section */
		22F2E87828FAF6CB008AD687 /* Frameworks */ = {
			isa = PBXFrameworksBuildPhase;
			buildActionMask = 2147483647;
			files = (
				CC10F0FDCD6AD2A5186AC3F9 /* Pods_currencyRate.framework in Frameworks */,
			);
			runOnlyForDeploymentPostprocessing = 0;
		};
/* End PBXFrameworksBuildPhase section */

/* Begin PBXGroup section */
		22F2E87228FAF6CB008AD687 = {
			isa = PBXGroup;
			children = (
				22F2E87D28FAF6CB008AD687 /* currencyRate */,
				22F2E87C28FAF6CB008AD687 /* Products */,
				269A52FBFD169582780B3A37 /* Pods */,
				4E925B9868E90AC957FCC6F2 /* Frameworks */,
			);
			sourceTree = "<group>";
		};
		22F2E87C28FAF6CB008AD687 /* Products */ = {
			isa = PBXGroup;
			children = (
				22F2E87B28FAF6CB008AD687 /* currencyRate.app */,
			);
			name = Products;
			sourceTree = "<group>";
		};
		22F2E87D28FAF6CB008AD687 /* currencyRate */ = {
			isa = PBXGroup;
			children = (
				22F2E89428FAF930008AD687 /* CollectionViewCell.swift */,
				22F2E89228FAF797008AD687 /* CollectionViewController.swift */,
				22F2E89628FAF9C0008AD687 /* Model.swift */,
				22F2E87E28FAF6CB008AD687 /* AppDelegate.swift */,
				223B9B0528FDF8FB003E57DB /* ViewController.swift */,
				22F2E88028FAF6CB008AD687 /* SceneDelegate.swift */,
				22F2E88428FAF6CB008AD687 /* Main.storyboard */,
				22F2E88728FAF6CB008AD687 /* Assets.xcassets */,
				22F2E88928FAF6CB008AD687 /* LaunchScreen.storyboard */,
				22F2E88C28FAF6CB008AD687 /* Info.plist */,
			);
			path = currencyRate;
			sourceTree = "<group>";
		};
		269A52FBFD169582780B3A37 /* Pods */ = {
			isa = PBXGroup;
			children = (
				A9B4AC8BB9ADC17D3781FA0A /* Pods-currencyRate.debug.xcconfig */,
				AFB3184CEA12A0F734EF74AD /* Pods-currencyRate.release.xcconfig */,
			);
			path = Pods;
			sourceTree = "<group>";
		};
		4E925B9868E90AC957FCC6F2 /* Frameworks */ = {
			isa = PBXGroup;
			children = (
				BBB749207A05D0F71B942C58 /* Pods_currencyRate.framework */,
			);
			name = Frameworks;
			sourceTree = "<group>";
		};
/* End PBXGroup section */

/* Begin PBXNativeTarget section */
		22F2E87A28FAF6CB008AD687 /* currencyRate */ = {
			isa = PBXNativeTarget;
			buildConfigurationList = 22F2E88F28FAF6CB008AD687 /* Build configuration list for PBXNativeTarget "currencyRate" */;
			buildPhases = (
				26010674EC7C5FCF3E306F32 /* [CP] Check Pods Manifest.lock */,
				22F2E87728FAF6CB008AD687 /* Sources */,
				22F2E87828FAF6CB008AD687 /* Frameworks */,
				22F2E87928FAF6CB008AD687 /* Resources */,
				406BEAB09174220495A5845F /* [CP] Embed Pods Frameworks */,
			);
			buildRules = (
			);
			dependencies = (
			);
			name = currencyRate;
			productName = currencyRate;
			productReference = 22F2E87B28FAF6CB008AD687 /* currencyRate.app */;
			productType = "com.apple.product-type.application";
		};
/* End PBXNativeTarget section */

/* Begin PBXProject section */
		22F2E87328FAF6CB008AD687 /* Project object */ = {
			isa = PBXProject;
			attributes = {
				BuildIndependentTargetsInParallel = 1;
				LastSwiftUpdateCheck = 1400;
				LastUpgradeCheck = 1400;
				TargetAttributes = {
					22F2E87A28FAF6CB008AD687 = {
						CreatedOnToolsVersion = 14.0.1;
					};
				};
			};
			buildConfigurationList = 22F2E87628FAF6CB008AD687 /* Build configuration list for PBXProject "currencyRate" */;
			compatibilityVersion = "Xcode 14.0";
			developmentRegion = en;
			hasScannedForEncodings = 0;
			knownRegions = (
				en,
				Base,
			);
			mainGroup = 22F2E87228FAF6CB008AD687;
			productRefGroup = 22F2E87C28FAF6CB008AD687 /* Products */;
			projectDirPath = "";
			projectRoot = "";
			targets = (
				22F2E87A28FAF6CB008AD687 /* currencyRate */,
			);
		};
/* End PBXProject section */

/* Begin PBXResourcesBuildPhase section */
		22F2E87928FAF6CB008AD687 /* Resources */ = {
			isa = PBXResourcesBuildPhase;
			buildActionMask = 2147483647;
			files = (
				22F2E88B28FAF6CB008AD687 /* LaunchScreen.storyboard in Resources */,
				22F2E88828FAF6CB008AD687 /* Assets.xcassets in Resources */,
				22F2E88628FAF6CB008AD687 /* Main.storyboard in Resources */,
			);
			runOnlyForDeploymentPostprocessing = 0;
		};
/* End PBXResourcesBuildPhase section */

/* Begin PBXShellScriptBuildPhase section */
		26010674EC7C5FCF3E306F32 /* [CP] Check Pods Manifest.lock */ = {
			isa = PBXShellScriptBuildPhase;
			buildActionMask = 2147483647;
			files = (
			);
			inputFileListPaths = (
			);
			inputPaths = (
				"${PODS_PODFILE_DIR_PATH}/Podfile.lock",
				"${PODS_ROOT}/Manifest.lock",
			);
			name = "[CP] Check Pods Manifest.lock";
			outputFileListPaths = (
			);
			outputPaths = (
				"$(DERIVED_FILE_DIR)/Pods-currencyRate-checkManifestLockResult.txt",
			);
			runOnlyForDeploymentPostprocessing = 0;
			shellPath = /bin/sh;
			shellScript = "diff \"${PODS_PODFILE_DIR_PATH}/Podfile.lock\" \"${PODS_ROOT}/Manifest.lock\" > /dev/null\nif [ $? != 0 ] ; then\n    # print error to STDERR\n    echo \"error: The sandbox is not in sync with the Podfile.lock. Run 'pod install' or update your CocoaPods installation.\" >&2\n    exit 1\nfi\n# This output is used by Xcode 'outputs' to avoid re-running this script phase.\necho \"SUCCESS\" > \"${SCRIPT_OUTPUT_FILE_0}\"\n";
			showEnvVarsInLog = 0;
		};
		406BEAB09174220495A5845F /* [CP] Embed Pods Frameworks */ = {
			isa = PBXShellScriptBuildPhase;
			buildActionMask = 2147483647;
			files = (
			);
			inputFileListPaths = (
				"${PODS_ROOT}/Target Support Files/Pods-currencyRate/Pods-currencyRate-frameworks-${CONFIGURATION}-input-files.xcfilelist",
			);
			name = "[CP] Embed Pods Frameworks";
			outputFileListPaths = (
				"${PODS_ROOT}/Target Support Files/Pods-currencyRate/Pods-currencyRate-frameworks-${CONFIGURATION}-output-files.xcfilelist",
			);
			runOnlyForDeploymentPostprocessing = 0;
			shellPath = /bin/sh;
			shellScript = "\"${PODS_ROOT}/Target Support Files/Pods-currencyRate/Pods-currencyRate-frameworks.sh\"\n";
			showEnvVarsInLog = 0;
		};
/* End PBXShellScriptBuildPhase section */

/* Begin PBXSourcesBuildPhase section */
		22F2E87728FAF6CB008AD687 /* Sources */ = {
			isa = PBXSourcesBuildPhase;
			buildActionMask = 2147483647;
			files = (
				223B9B0628FDF8FB003E57DB /* ViewController.swift in Sources */,
				22F2E89728FAF9C0008AD687 /* Model.swift in Sources */,
				22F2E89328FAF797008AD687 /* CollectionViewController.swift in Sources */,
				22F2E87F28FAF6CB008AD687 /* AppDelegate.swift in Sources */,
				22F2E89528FAF930008AD687 /* CollectionViewCell.swift in Sources */,
				22F2E88128FAF6CB008AD687 /* SceneDelegate.swift in Sources */,
			);
			runOnlyForDeploymentPostprocessing = 0;
		};
/* End PBXSourcesBuildPhase section */

/* Begin PBXVariantGroup section */
		22F2E88428FAF6CB008AD687 /* Main.storyboard */ = {
			isa = PBXVariantGroup;
			children = (
				22F2E88528FAF6CB008AD687 /* Base */,
			);
			name = Main.storyboard;
			sourceTree = "<group>";
		};
		22F2E88928FAF6CB008AD687 /* LaunchScreen.storyboard */ = {
			isa = PBXVariantGroup;
			children = (
				22F2E88A28FAF6CB008AD687 /* Base */,
			);
			name = LaunchScreen.storyboard;
			sourceTree = "<group>";
		};
/* End PBXVariantGroup section */

/* Begin XCBuildConfiguration section */
		22F2E88D28FAF6CB008AD687 /* Debug */ = {
			isa = XCBuildConfiguration;
			buildSettings = {
				ALWAYS_SEARCH_USER_PATHS = NO;
				CLANG_ANALYZER_NONNULL = YES;
				CLANG_ANALYZER_NUMBER_OBJECT_CONVERSION = YES_AGGRESSIVE;
				CLANG_CXX_LANGUAGE_STANDARD = "gnu++20";
				CLANG_ENABLE_MODULES = YES;
				CLANG_ENABLE_OBJC_ARC = YES;
				CLANG_ENABLE_OBJC_WEAK = YES;
				CLANG_WARN_BLOCK_CAPTURE_AUTORELEASING = YES;
				CLANG_WARN_BOOL_CONVERSION = YES;
				CLANG_WARN_COMMA = YES;
				CLANG_WARN_CONSTANT_CONVERSION = YES;
				CLANG_WARN_DEPRECATED_OBJC_IMPLEMENTATIONS = YES;
				CLANG_WARN_DIRECT_OBJC_ISA_USAGE = YES_ERROR;
				CLANG_WARN_DOCUMENTATION_COMMENTS = YES;
				CLANG_WARN_EMPTY_BODY = YES;
				CLANG_WARN_ENUM_CONVERSION = YES;
				CLANG_WARN_INFINITE_RECURSION = YES;
				CLANG_WARN_INT_CONVERSION = YES;
				CLANG_WARN_NON_LITERAL_NULL_CONVERSION = YES;
				CLANG_WARN_OBJC_IMPLICIT_RETAIN_SELF = YES;
				CLANG_WARN_OBJC_LITERAL_CONVERSION = YES;
				CLANG_WARN_OBJC_ROOT_CLASS = YES_ERROR;
				CLANG_WARN_QUOTED_INCLUDE_IN_FRAMEWORK_HEADER = YES;
				CLANG_WARN_RANGE_LOOP_ANALYSIS = YES;
				CLANG_WARN_STRICT_PROTOTYPES = YES;
				CLANG_WARN_SUSPICIOUS_MOVE = YES;
				CLANG_WARN_UNGUARDED_AVAILABILITY = YES_AGGRESSIVE;
				CLANG_WARN_UNREACHABLE_CODE = YES;
				CLANG_WARN__DUPLICATE_METHOD_MATCH = YES;
				COPY_PHASE_STRIP = NO;
				DEBUG_INFORMATION_FORMAT = dwarf;
				ENABLE_STRICT_OBJC_MSGSEND = YES;
				ENABLE_TESTABILITY = YES;
				GCC_C_LANGUAGE_STANDARD = gnu11;
				GCC_DYNAMIC_NO_PIC = NO;
				GCC_NO_COMMON_BLOCKS = YES;
				GCC_OPTIMIZATION_LEVEL = 0;
				GCC_PREPROCESSOR_DEFINITIONS = (
					"DEBUG=1",
					"$(inherited)",
				);
				GCC_WARN_64_TO_32_BIT_CONVERSION = YES;
				GCC_WARN_ABOUT_RETURN_TYPE = YES_ERROR;
				GCC_WARN_UNDECLARED_SELECTOR = YES;
				GCC_WARN_UNINITIALIZED_AUTOS = YES_AGGRESSIVE;
				GCC_WARN_UNUSED_FUNCTION = YES;
				GCC_WARN_UNUSED_VARIABLE = YES;
				IPHONEOS_DEPLOYMENT_TARGET = 16.0;
				MTL_ENABLE_DEBUG_INFO = INCLUDE_SOURCE;
				MTL_FAST_MATH = YES;
				ONLY_ACTIVE_ARCH = YES;
				SDKROOT = iphoneos;
				SWIFT_ACTIVE_COMPILATION_CONDITIONS = DEBUG;
				SWIFT_OPTIMIZATION_LEVEL = "-Onone";
			};
			name = Debug;
		};
		22F2E88E28FAF6CB008AD687 /* Release */ = {
			isa = XCBuildConfiguration;
			buildSettings = {
				ALWAYS_SEARCH_USER_PATHS = NO;
				CLANG_ANALYZER_NONNULL = YES;
				CLANG_ANALYZER_NUMBER_OBJECT_CONVERSION = YES_AGGRESSIVE;
				CLANG_CXX_LANGUAGE_STANDARD = "gnu++20";
				CLANG_ENABLE_MODULES = YES;
				CLANG_ENABLE_OBJC_ARC = YES;
				CLANG_ENABLE_OBJC_WEAK = YES;
				CLANG_WARN_BLOCK_CAPTURE_AUTORELEASING = YES;
				CLANG_WARN_BOOL_CONVERSION = YES;
				CLANG_WARN_COMMA = YES;
				CLANG_WARN_CONSTANT_CONVERSION = YES;
				CLANG_WARN_DEPRECATED_OBJC_IMPLEMENTATIONS = YES;
				CLANG_WARN_DIRECT_OBJC_ISA_USAGE = YES_ERROR;
				CLANG_WARN_DOCUMENTATION_COMMENTS = YES;
				CLANG_WARN_EMPTY_BODY = YES;
				CLANG_WARN_ENUM_CONVERSION = YES;
				CLANG_WARN_INFINITE_RECURSION = YES;
				CLANG_WARN_INT_CONVERSION = YES;
				CLANG_WARN_NON_LITERAL_NULL_CONVERSION = YES;
				CLANG_WARN_OBJC_IMPLICIT_RETAIN_SELF = YES;
				CLANG_WARN_OBJC_LITERAL_CONVERSION = YES;
				CLANG_WARN_OBJC_ROOT_CLASS = YES_ERROR;
				CLANG_WARN_QUOTED_INCLUDE_IN_FRAMEWORK_HEADER = YES;
				CLANG_WARN_RANGE_LOOP_ANALYSIS = YES;
				CLANG_WARN_STRICT_PROTOTYPES = YES;
				CLANG_WARN_SUSPICIOUS_MOVE = YES;
				CLANG_WARN_UNGUARDED_AVAILABILITY = YES_AGGRESSIVE;
				CLANG_WARN_UNREACHABLE_CODE = YES;
				CLANG_WARN__DUPLICATE_METHOD_MATCH = YES;
				COPY_PHASE_STRIP = NO;
				DEBUG_INFORMATION_FORMAT = "dwarf-with-dsym";
				ENABLE_NS_ASSERTIONS = NO;
				ENABLE_STRICT_OBJC_MSGSEND = YES;
				GCC_C_LANGUAGE_STANDARD = gnu11;
				GCC_NO_COMMON_BLOCKS = YES;
				GCC_WARN_64_TO_32_BIT_CONVERSION = YES;
				GCC_WARN_ABOUT_RETURN_TYPE = YES_ERROR;
				GCC_WARN_UNDECLARED_SELECTOR = YES;
				GCC_WARN_UNINITIALIZED_AUTOS = YES_AGGRESSIVE;
				GCC_WARN_UNUSED_FUNCTION = YES;
				GCC_WARN_UNUSED_VARIABLE = YES;
				IPHONEOS_DEPLOYMENT_TARGET = 16.0;
				MTL_ENABLE_DEBUG_INFO = NO;
				MTL_FAST_MATH = YES;
				SDKROOT = iphoneos;
				SWIFT_COMPILATION_MODE = wholemodule;
				SWIFT_OPTIMIZATION_LEVEL = "-O";
				VALIDATE_PRODUCT = YES;
			};
			name = Release;
		};
		22F2E89028FAF6CB008AD687 /* Debug */ = {
			isa = XCBuildConfiguration;
			baseConfigurationReference = A9B4AC8BB9ADC17D3781FA0A /* Pods-currencyRate.debug.xcconfig */;
			buildSettings = {
				ASSETCATALOG_COMPILER_APPICON_NAME = AppIcon;
				ASSETCATALOG_COMPILER_GLOBAL_ACCENT_COLOR_NAME = AccentColor;
				CODE_SIGN_STYLE = Automatic;
				CURRENT_PROJECT_VERSION = 1;
				DEVELOPMENT_TEAM = GJZ7B3RA5Y;
				GENERATE_INFOPLIST_FILE = YES;
				INFOPLIST_FILE = currencyRate/Info.plist;
				INFOPLIST_KEY_UIApplicationSupportsIndirectInputEvents = YES;
				INFOPLIST_KEY_UILaunchStoryboardName = LaunchScreen;
				INFOPLIST_KEY_UIMainStoryboardFile = Main;
				INFOPLIST_KEY_UISupportedInterfaceOrientations = UIInterfaceOrientationPortrait;
				INFOPLIST_KEY_UISupportedInterfaceOrientations_iPad = "UIInterfaceOrientationLandscapeLeft UIInterfaceOrientationLandscapeRight UIInterfaceOrientationPortrait UIInterfaceOrientationPortraitUpsideDown";
				LD_RUNPATH_SEARCH_PATHS = (
					"$(inherited)",
					"@executable_path/Frameworks",
				);
				MARKETING_VERSION = 1.0;
				PRODUCT_BUNDLE_IDENTIFIER = cgretche.currencyRate;
				PRODUCT_NAME = "$(TARGET_NAME)";
				SWIFT_EMIT_LOC_STRINGS = YES;
				SWIFT_VERSION = 5.0;
				TARGETED_DEVICE_FAMILY = "1,2";
			};
			name = Debug;
		};
		22F2E89128FAF6CB008AD687 /* Release */ = {
			isa = XCBuildConfiguration;
			baseConfigurationReference = AFB3184CEA12A0F734EF74AD /* Pods-currencyRate.release.xcconfig */;
			buildSettings = {
				ASSETCATALOG_COMPILER_APPICON_NAME = AppIcon;
				ASSETCATALOG_COMPILER_GLOBAL_ACCENT_COLOR_NAME = AccentColor;
				CODE_SIGN_STYLE = Automatic;
				CURRENT_PROJECT_VERSION = 1;
				DEVELOPMENT_TEAM = GJZ7B3RA5Y;
				GENERATE_INFOPLIST_FILE = YES;
				INFOPLIST_FILE = currencyRate/Info.plist;
				INFOPLIST_KEY_UIApplicationSupportsIndirectInputEvents = YES;
				INFOPLIST_KEY_UILaunchStoryboardName = LaunchScreen;
				INFOPLIST_KEY_UIMainStoryboardFile = Main;
				INFOPLIST_KEY_UISupportedInterfaceOrientations = UIInterfaceOrientationPortrait;
				INFOPLIST_KEY_UISupportedInterfaceOrientations_iPad = "UIInterfaceOrientationLandscapeLeft UIInterfaceOrientationLandscapeRight UIInterfaceOrientationPortrait UIInterfaceOrientationPortraitUpsideDown";
				LD_RUNPATH_SEARCH_PATHS = (
					"$(inherited)",
					"@executable_path/Frameworks",
				);
				MARKETING_VERSION = 1.0;
				PRODUCT_BUNDLE_IDENTIFIER = cgretche.currencyRate;
				PRODUCT_NAME = "$(TARGET_NAME)";
				SWIFT_EMIT_LOC_STRINGS = YES;
				SWIFT_VERSION = 5.0;
				TARGETED_DEVICE_FAMILY = "1,2";
			};
			name = Release;
		};
/* End XCBuildConfiguration section */

/* Begin XCConfigurationList section */
		22F2E87628FAF6CB008AD687 /* Build configuration list for PBXProject "currencyRate" */ = {
			isa = XCConfigurationList;
			buildConfigurations = (
				22F2E88D28FAF6CB008AD687 /* Debug */,
				22F2E88E28FAF6CB008AD687 /* Release */,
			);
			defaultConfigurationIsVisible = 0;
			defaultConfigurationName = Release;
		};
		22F2E88F28FAF6CB008AD687 /* Build configuration list for PBXNativeTarget "currencyRate" */ = {
			isa = XCConfigurationList;
			buildConfigurations = (
				22F2E89028FAF6CB008AD687 /* Debug */,
				22F2E89128FAF6CB008AD687 /* Release */,
			);
			defaultConfigurationIsVisible = 0;
			defaultConfigurationName = Release;
		};
/* End XCConfigurationList section */
	};
	rootObject = 22F2E87328FAF6CB008AD687 /* Project object */;
}
